
Microsoft Visual Studio Solution File, Format Version 12.00
# Visual Studio Version 17
VisualStudioVersion = 17.5.002.0
MinimumVisualStudioVersion = 10.0.40219.1
Project("{9A19103F-16F7-4668-BE54-9A1E7A4F7556}") = "Sistema.Loja", "Sistema.Loja.csproj", "{BB7FBCDD-BA08-40F1-9BAF-5C8856DBF014}"
EndProject
Global
	GlobalSection(SolutionConfigurationPlatforms) = preSolution
		Debug|Any CPU = Debug|Any CPU
		Release|Any CPU = Release|Any CPU
	EndGlobalSection
	GlobalSection(ProjectConfigurationPlatforms) = postSolution
		{BB7FBCDD-BA08-40F1-9BAF-5C8856DBF014}.Debug|Any CPU.ActiveCfg = Debug|Any CPU
		{BB7FBCDD-BA08-40F1-9BAF-5C8856DBF014}.Debug|Any CPU.Build.0 = Debug|Any CPU
		{BB7FBCDD-BA08-40F1-9BAF-5C8856DBF014}.Release|Any CPU.ActiveCfg = Release|Any CPU
		{BB7FBCDD-BA08-40F1-9BAF-5C8856DBF014}.Release|Any CPU.Build.0 = Release|Any CPU
	EndGlobalSection
	GlobalSection(SolutionProperties) = preSolution
		HideSolutionNode = FALSE
	EndGlobalSection
	GlobalSection(ExtensibilityGlobals) = postSolution
		SolutionGuid = {FF418028-BBA4-4C13-A183-A9A30FE85D3C}
	EndGlobalSection
EndGlobal
